{"version":4,"terraform_version":"1.11.2","serial":1,"lineage":"f45d2d3d-255d-1ab3-c2cd-7f98860cadcb","outputs":{},"resources":[{"mode":"managed","type":"aws_cloudwatch_log_group","name":"public_service_log_group","provider":"provider[\"registry.opentofu.org/hashicorp/aws\"]","instances":[{"schema_version":0,"attributes":{"arn":"arn:aws:logs:us-west-2:742460375675:log-group:public_trading/service","deletion_protection_enabled":false,"id":"public_trading/service","kms_key_id":"","log_group_class":"STANDARD","name":"public_trading/service","name_prefix":"","region":"us-west-2","retention_in_days":180,"skip_destroy":false,"tags":null,"tags_all":{"Stack":"public-dev"}},"sensitive_attributes":[],"private":"bnVsbA=="}]}],"check_results":null}
